
Microsoft Visual Studio Solution File, Format Version 12.00
# Visual Studio Version 16
VisualStudioVersion = 16.0.30804.86
MinimumVisualStudioVersion = 10.0.40219.1
Project("{FAE04EC0-301F-11D3-BF4B-00C04F79EFBC}") = "mFamousDomain", "mFamousDomain\mFamousDomain.csproj", "{9128E0ED-0DBB-4317-9560-703C84343B65}"
EndProject
Global
	GlobalSection(SolutionConfigurationPlatforms) = preSolution
		Debug|Any CPU = Debug|Any CPU
		Release|Any CPU = Release|Any CPU
	EndGlobalSection
	GlobalSection(ProjectConfigurationPlatforms) = postSolution
		{9128E0ED-0DBB-4317-9560-703C84343B65}.Debug|Any CPU.ActiveCfg = Debug|Any CPU
		{9128E0ED-0DBB-4317-9560-703C84343B65}.Debug|Any CPU.Build.0 = Debug|Any CPU
		{9128E0ED-0DBB-4317-9560-703C84343B65}.Release|Any CPU.ActiveCfg = Release|Any CPU
		{9128E0ED-0DBB-4317-9560-703C84343B65}.Release|Any CPU.Build.0 = Release|Any CPU
	EndGlobalSection
	GlobalSection(SolutionProperties) = preSolution
		HideSolutionNode = FALSE
	EndGlobalSection
	GlobalSection(ExtensibilityGlobals) = postSolution
		SolutionGuid = {3049713C-EA8F-4273-946C-2B80AE401E77}
	EndGlobalSection
EndGlobal
